
Microsoft Visual Studio Solution File, Format Version 12.00
# Visual Studio Version 16
VisualStudioVersion = 16.0.808.0
MinimumVisualStudioVersion = 10.0.40219.1
Project("{FAE04EC0-301F-11D3-BF4B-00C04F79EFBC}") = "IO.Business", "src\IO.Business\IO.Business.csproj", "{E91E4185-8724-4C33-BA75-8900BF2DC317}"
EndProject
Project("{FAE04EC0-301F-11D3-BF4B-00C04F79EFBC}") = "IO.Data", "src\IO.Data\IO.Data.csproj", "{AFA67046-E932-413D-979C-25FA883177AF}"
EndProject
Project("{FAE04EC0-301F-11D3-BF4B-00C04F79EFBC}") = "IO.ApiRest", "src\IO.ApiRest\IO.ApiRest.csproj", "{C0DA99BD-A204-43E9-A68F-0B7A4A1F12E2}"
EndProject
Global
	GlobalSection(SolutionConfigurationPlatforms) = preSolution
		Debug|Any CPU = Debug|Any CPU
		Release|Any CPU = Release|Any CPU
	EndGlobalSection
	GlobalSection(ProjectConfigurationPlatforms) = postSolution
		{E91E4185-8724-4C33-BA75-8900BF2DC317}.Debug|Any CPU.ActiveCfg = Debug|Any CPU
		{E91E4185-8724-4C33-BA75-8900BF2DC317}.Debug|Any CPU.Build.0 = Debug|Any CPU
		{E91E4185-8724-4C33-BA75-8900BF2DC317}.Release|Any CPU.ActiveCfg = Release|Any CPU
		{E91E4185-8724-4C33-BA75-8900BF2DC317}.Release|Any CPU.Build.0 = Release|Any CPU
		{AFA67046-E932-413D-979C-25FA883177AF}.Debug|Any CPU.ActiveCfg = Debug|Any CPU
		{AFA67046-E932-413D-979C-25FA883177AF}.Debug|Any CPU.Build.0 = Debug|Any CPU
		{AFA67046-E932-413D-979C-25FA883177AF}.Release|Any CPU.ActiveCfg = Release|Any CPU
		{AFA67046-E932-413D-979C-25FA883177AF}.Release|Any CPU.Build.0 = Release|Any CPU
		{C0DA99BD-A204-43E9-A68F-0B7A4A1F12E2}.Debug|Any CPU.ActiveCfg = Debug|Any CPU
		{C0DA99BD-A204-43E9-A68F-0B7A4A1F12E2}.Debug|Any CPU.Build.0 = Debug|Any CPU
		{C0DA99BD-A204-43E9-A68F-0B7A4A1F12E2}.Release|Any CPU.ActiveCfg = Release|Any CPU
		{C0DA99BD-A204-43E9-A68F-0B7A4A1F12E2}.Release|Any CPU.Build.0 = Release|Any CPU
	EndGlobalSection
	GlobalSection(SolutionProperties) = preSolution
		HideSolutionNode = FALSE
	EndGlobalSection
	GlobalSection(ExtensibilityGlobals) = postSolution
		SolutionGuid = {1DBAB552-2ECD-4F9F-818A-6A410B6EDDCF}
	EndGlobalSection
EndGlobal
